// !$*UTF8*$!
{
	archiveVersion = 1;
	classes = {
	};
	objectVersion = 46;
	objects = {

/* Begin PBXBuildFile section */
		7857020F19146E8400D00EFD /* Foundation.framework in Frameworks */ = {isa = PBXBuildFile; fileRef = 7857020E19146E8400D00EFD /* Foundation.framework */; };
		7857021119146E8400D00EFD /* CoreGraphics.framework in Frameworks */ = {isa = PBXBuildFile; fileRef = 7857021019146E8400D00EFD /* CoreGraphics.framework */; };
		7857021319146E8400D00EFD /* UIKit.framework in Frameworks */ = {isa = PBXBuildFile; fileRef = 7857021219146E8400D00EFD /* UIKit.framework */; };
		7857021919146E8400D00EFD /* InfoPlist.strings in Resources */ = {isa = PBXBuildFile; fileRef = 7857021719146E8400D00EFD /* InfoPlist.strings */; };
		7857021B19146E8400D00EFD /* main.m in Sources */ = {isa = PBXBuildFile; fileRef = 7857021A19146E8400D00EFD /* main.m */; };
		7857021F19146E8400D00EFD /* GLAppDelegate.m in Sources */ = {isa = PBXBuildFile; fileRef = 7857021E19146E8400D00EFD /* GLAppDelegate.m */; };
		7857022219146E8400D00EFD /* Main.storyboard in Resources */ = {isa = PBXBuildFile; fileRef = 7857022019146E8400D00EFD /* Main.storyboard */; };
		7857022519146E8400D00EFD /* GLViewController.m in Sources */ = {isa = PBXBuildFile; fileRef = 7857022419146E8400D00EFD /* GLViewController.m */; };
		7857022719146E8400D00EFD /* Images.xcassets in Resources */ = {isa = PBXBuildFile; fileRef = 7857022619146E8400D00EFD /* Images.xcassets */; };
		7857022E19146E8400D00EFD /* XCTest.framework in Frameworks */ = {isa = PBXBuildFile; fileRef = 7857022D19146E8400D00EFD /* XCTest.framework */; };
		7857022F19146E8400D00EFD /* Foundation.framework in Frameworks */ = {isa = PBXBuildFile; fileRef = 7857020E19146E8400D00EFD /* Foundation.framework */; };
		7857023019146E8400D00EFD /* UIKit.framework in Frameworks */ = {isa = PBXBuildFile; fileRef = 7857021219146E8400D00EFD /* UIKit.framework */; };
		7857023819146E8400D00EFD /* InfoPlist.strings in Resources */ = {isa = PBXBuildFile; fileRef = 7857023619146E8400D00EFD /* InfoPlist.strings */; };
		7857023A19146E8400D00EFD /* GlucloserTests.m in Sources */ = {isa = PBXBuildFile; fileRef = 7857023919146E8400D00EFD /* GlucloserTests.m */; };
		7857024519146F8000D00EFD /* MapKit.framework in Frameworks */ = {isa = PBXBuildFile; fileRef = 7857024419146F8000D00EFD /* MapKit.framework */; };
		78B0ADFF1916BD97004EEEEC /* Reveal.framework in Frameworks */ = {isa = PBXBuildFile; fileRef = 78B0ADFE1916BD97004EEEEC /* Reveal.framework */; };
		BE0AA5C8811FB2B242EC2729 /* GLSlideMenuController.m in Sources */ = {isa = PBXBuildFile; fileRef = BE0AA01FBCC78E2BB1FC118E /* GLSlideMenuController.m */; };
		BE0AA911E40A415C30A1E042 /* GLPlaceHeaderViewController.m in Sources */ = {isa = PBXBuildFile; fileRef = BE0AA13081BB77766D81E181 /* GLPlaceHeaderViewController.m */; };
		BE0AAA6D2D851DCC6FEDABE1 /* GLNewMealViewController.m in Sources */ = {isa = PBXBuildFile; fileRef = BE0AA051AB10A91957FFF518 /* GLNewMealViewController.m */; };
		BE0AAD5D2EB93F913477E397 /* GLPlace.m in Sources */ = {isa = PBXBuildFile; fileRef = BE0AAC27C0C50B5E01939A60 /* GLPlace.m */; };
/* End PBXBuildFile section */

/* Begin PBXContainerItemProxy section */
		7857023119146E8400D00EFD /* PBXContainerItemProxy */ = {
			isa = PBXContainerItemProxy;
			containerPortal = 7857020319146E8400D00EFD /* Project object */;
			proxyType = 1;
			remoteGlobalIDString = 7857020A19146E8400D00EFD;
			remoteInfo = Glucloser;
		};
/* End PBXContainerItemProxy section */

/* Begin PBXFileReference section */
		7857020B19146E8400D00EFD /* Glucloser.app */ = {isa = PBXFileReference; explicitFileType = wrapper.application; includeInIndex = 0; path = Glucloser.app; sourceTree = BUILT_PRODUCTS_DIR; };
		7857020E19146E8400D00EFD /* Foundation.framework */ = {isa = PBXFileReference; lastKnownFileType = wrapper.framework; name = Foundation.framework; path = System/Library/Frameworks/Foundation.framework; sourceTree = SDKROOT; };
		7857021019146E8400D00EFD /* CoreGraphics.framework */ = {isa = PBXFileReference; lastKnownFileType = wrapper.framework; name = CoreGraphics.framework; path = System/Library/Frameworks/CoreGraphics.framework; sourceTree = SDKROOT; };
		7857021219146E8400D00EFD /* UIKit.framework */ = {isa = PBXFileReference; lastKnownFileType = wrapper.framework; name = UIKit.framework; path = System/Library/Frameworks/UIKit.framework; sourceTree = SDKROOT; };
		7857021619146E8400D00EFD /* Glucloser-Info.plist */ = {isa = PBXFileReference; lastKnownFileType = text.plist.xml; path = "Glucloser-Info.plist"; sourceTree = "<group>"; };
		7857021819146E8400D00EFD /* en */ = {isa = PBXFileReference; lastKnownFileType = text.plist.strings; name = en; path = en.lproj/InfoPlist.strings; sourceTree = "<group>"; };
		7857021A19146E8400D00EFD /* main.m */ = {isa = PBXFileReference; lastKnownFileType = sourcecode.c.objc; path = main.m; sourceTree = "<group>"; };
		7857021C19146E8400D00EFD /* Glucloser-Prefix.pch */ = {isa = PBXFileReference; lastKnownFileType = sourcecode.c.h; path = "Glucloser-Prefix.pch"; sourceTree = "<group>"; };
		7857021D19146E8400D00EFD /* GLAppDelegate.h */ = {isa = PBXFileReference; lastKnownFileType = sourcecode.c.h; path = GLAppDelegate.h; sourceTree = "<group>"; };
		7857021E19146E8400D00EFD /* GLAppDelegate.m */ = {isa = PBXFileReference; lastKnownFileType = sourcecode.c.objc; path = GLAppDelegate.m; sourceTree = "<group>"; };
		7857022119146E8400D00EFD /* Base */ = {isa = PBXFileReference; lastKnownFileType = file.storyboard; name = Base; path = Base.lproj/Main.storyboard; sourceTree = "<group>"; };
		7857022319146E8400D00EFD /* GLViewController.h */ = {isa = PBXFileReference; lastKnownFileType = sourcecode.c.h; path = GLViewController.h; sourceTree = "<group>"; };
		7857022419146E8400D00EFD /* GLViewController.m */ = {isa = PBXFileReference; lastKnownFileType = sourcecode.c.objc; path = GLViewController.m; sourceTree = "<group>"; };
		7857022619146E8400D00EFD /* Images.xcassets */ = {isa = PBXFileReference; lastKnownFileType = folder.assetcatalog; path = Images.xcassets; sourceTree = "<group>"; };
		7857022C19146E8400D00EFD /* GlucloserTests.xctest */ = {isa = PBXFileReference; explicitFileType = wrapper.cfbundle; includeInIndex = 0; path = GlucloserTests.xctest; sourceTree = BUILT_PRODUCTS_DIR; };
		7857022D19146E8400D00EFD /* XCTest.framework */ = {isa = PBXFileReference; lastKnownFileType = wrapper.framework; name = XCTest.framework; path = Library/Frameworks/XCTest.framework; sourceTree = DEVELOPER_DIR; };
		7857023519146E8400D00EFD /* GlucloserTests-Info.plist */ = {isa = PBXFileReference; lastKnownFileType = text.plist.xml; path = "GlucloserTests-Info.plist"; sourceTree = "<group>"; };
		7857023719146E8400D00EFD /* en */ = {isa = PBXFileReference; lastKnownFileType = text.plist.strings; name = en; path = en.lproj/InfoPlist.strings; sourceTree = "<group>"; };
		7857023919146E8400D00EFD /* GlucloserTests.m */ = {isa = PBXFileReference; lastKnownFileType = sourcecode.c.objc; path = GlucloserTests.m; sourceTree = "<group>"; };
		7857024319146F3C00D00EFD /* Glucloser.entitlements */ = {isa = PBXFileReference; lastKnownFileType = text.xml; path = Glucloser.entitlements; sourceTree = "<group>"; };
		7857024419146F8000D00EFD /* MapKit.framework */ = {isa = PBXFileReference; lastKnownFileType = wrapper.framework; name = MapKit.framework; path = System/Library/Frameworks/MapKit.framework; sourceTree = SDKROOT; };
		78B0ADFE1916BD97004EEEEC /* Reveal.framework */ = {isa = PBXFileReference; lastKnownFileType = wrapper.framework; name = Reveal.framework; path = "../../../../../../../Applications/Reveal.app/Contents/SharedSupport/iOS-Libraries/Reveal.framework"; sourceTree = "<group>"; };
		BE0AA01FBCC78E2BB1FC118E /* GLSlideMenuController.m */ = {isa = PBXFileReference; fileEncoding = 4; lastKnownFileType = sourcecode.c.objc; path = GLSlideMenuController.m; sourceTree = "<group>"; };
		BE0AA051AB10A91957FFF518 /* GLNewMealViewController.m */ = {isa = PBXFileReference; fileEncoding = 4; lastKnownFileType = sourcecode.c.objc; path = GLNewMealViewController.m; sourceTree = "<group>"; };
		BE0AA13081BB77766D81E181 /* GLPlaceHeaderViewController.m */ = {isa = PBXFileReference; fileEncoding = 4; lastKnownFileType = sourcecode.c.objc; path = GLPlaceHeaderViewController.m; sourceTree = "<group>"; };
		BE0AA2138DAE0628B3485CBF /* GLPlaceHeaderViewController.h */ = {isa = PBXFileReference; fileEncoding = 4; lastKnownFileType = sourcecode.c.h; path = GLPlaceHeaderViewController.h; sourceTree = "<group>"; };
		BE0AA7B73568EDB616D499FA /* GLSlideMenuController.h */ = {isa = PBXFileReference; fileEncoding = 4; lastKnownFileType = sourcecode.c.h; path = GLSlideMenuController.h; sourceTree = "<group>"; };
		BE0AAA89926DDBB9F3157A4E /* GLPlace.h */ = {isa = PBXFileReference; fileEncoding = 4; lastKnownFileType = sourcecode.c.h; path = GLPlace.h; sourceTree = "<group>"; };
		BE0AAC27C0C50B5E01939A60 /* GLPlace.m */ = {isa = PBXFileReference; fileEncoding = 4; lastKnownFileType = sourcecode.c.objc; path = GLPlace.m; sourceTree = "<group>"; };
		BE0AAD62D3FC62AFFB7CE267 /* GLNewMealViewController.h */ = {isa = PBXFileReference; fileEncoding = 4; lastKnownFileType = sourcecode.c.h; path = GLNewMealViewController.h; sourceTree = "<group>"; };
/* End PBXFileReference section */

/* Begin PBXFrameworksBuildPhase section */
		7857020819146E8400D00EFD /* Frameworks */ = {
			isa = PBXFrameworksBuildPhase;
			buildActionMask = 2147483647;
			files = (
				7857021119146E8400D00EFD /* CoreGraphics.framework in Frameworks */,
				7857021319146E8400D00EFD /* UIKit.framework in Frameworks */,
				7857024519146F8000D00EFD /* MapKit.framework in Frameworks */,
				7857020F19146E8400D00EFD /* Foundation.framework in Frameworks */,
				78B0ADFF1916BD97004EEEEC /* Reveal.framework in Frameworks */,
			);
			runOnlyForDeploymentPostprocessing = 0;
		};
		7857022919146E8400D00EFD /* Frameworks */ = {
			isa = PBXFrameworksBuildPhase;
			buildActionMask = 2147483647;
			files = (
				7857022E19146E8400D00EFD /* XCTest.framework in Frameworks */,
				7857023019146E8400D00EFD /* UIKit.framework in Frameworks */,
				7857022F19146E8400D00EFD /* Foundation.framework in Frameworks */,
			);
			runOnlyForDeploymentPostprocessing = 0;
		};
/* End PBXFrameworksBuildPhase section */

/* Begin PBXGroup section */
		7857020219146E8400D00EFD = {
			isa = PBXGroup;
			children = (
				7857021419146E8400D00EFD /* Glucloser */,
				7857023319146E8400D00EFD /* GlucloserTests */,
				7857020D19146E8400D00EFD /* Frameworks */,
				7857020C19146E8400D00EFD /* Products */,
			);
			sourceTree = "<group>";
		};
		7857020C19146E8400D00EFD /* Products */ = {
			isa = PBXGroup;
			children = (
				7857020B19146E8400D00EFD /* Glucloser.app */,
				7857022C19146E8400D00EFD /* GlucloserTests.xctest */,
			);
			name = Products;
			sourceTree = "<group>";
		};
		7857020D19146E8400D00EFD /* Frameworks */ = {
			isa = PBXGroup;
			children = (
				78B0ADFE1916BD97004EEEEC /* Reveal.framework */,
				7857024419146F8000D00EFD /* MapKit.framework */,
				7857020E19146E8400D00EFD /* Foundation.framework */,
				7857021019146E8400D00EFD /* CoreGraphics.framework */,
				7857021219146E8400D00EFD /* UIKit.framework */,
				7857022D19146E8400D00EFD /* XCTest.framework */,
			);
			name = Frameworks;
			sourceTree = "<group>";
		};
		7857021419146E8400D00EFD /* Glucloser */ = {
			isa = PBXGroup;
			children = (
				7857024319146F3C00D00EFD /* Glucloser.entitlements */,
				7857021D19146E8400D00EFD /* GLAppDelegate.h */,
				7857021E19146E8400D00EFD /* GLAppDelegate.m */,
				7857022019146E8400D00EFD /* Main.storyboard */,
				7857022319146E8400D00EFD /* GLViewController.h */,
				7857022419146E8400D00EFD /* GLViewController.m */,
				7857022619146E8400D00EFD /* Images.xcassets */,
				7857021519146E8400D00EFD /* Supporting Files */,
				BE0AA51A274F71BE6CA96061 /* Interface */,
				BE0AA6B24A3BFCAA5A3BAD54 /* Models */,
			);
			path = Glucloser;
			sourceTree = "<group>";
		};
		7857021519146E8400D00EFD /* Supporting Files */ = {
			isa = PBXGroup;
			children = (
				7857021619146E8400D00EFD /* Glucloser-Info.plist */,
				7857021719146E8400D00EFD /* InfoPlist.strings */,
				7857021A19146E8400D00EFD /* main.m */,
				7857021C19146E8400D00EFD /* Glucloser-Prefix.pch */,
			);
			name = "Supporting Files";
			sourceTree = "<group>";
		};
		7857023319146E8400D00EFD /* GlucloserTests */ = {
			isa = PBXGroup;
			children = (
				7857023919146E8400D00EFD /* GlucloserTests.m */,
				7857023419146E8400D00EFD /* Supporting Files */,
			);
			path = GlucloserTests;
			sourceTree = "<group>";
		};
		7857023419146E8400D00EFD /* Supporting Files */ = {
			isa = PBXGroup;
			children = (
				7857023519146E8400D00EFD /* GlucloserTests-Info.plist */,
				7857023619146E8400D00EFD /* InfoPlist.strings */,
			);
			name = "Supporting Files";
			sourceTree = "<group>";
		};
		BE0AA4AF13F5B06D62D18ECF /* Slide Menu */ = {
			isa = PBXGroup;
			children = (
				BE0AA01FBCC78E2BB1FC118E /* GLSlideMenuController.m */,
				BE0AA7B73568EDB616D499FA /* GLSlideMenuController.h */,
			);
			path = "Slide Menu";
			sourceTree = "<group>";
		};
		BE0AA51A274F71BE6CA96061 /* Interface */ = {
			isa = PBXGroup;
			children = (
				BE0AA4AF13F5B06D62D18ECF /* Slide Menu */,
				BE0AA69213D2EE1C6CF27E43 /* Meal */,
				BE0AAB409EAA9AA691ECD5FC /* Place */,
			);
			path = Interface;
			sourceTree = "<group>";
		};
		BE0AA69213D2EE1C6CF27E43 /* Meal */ = {
			isa = PBXGroup;
			children = (
				BE0AA051AB10A91957FFF518 /* GLNewMealViewController.m */,
				BE0AAD62D3FC62AFFB7CE267 /* GLNewMealViewController.h */,
			);
			path = Meal;
			sourceTree = "<group>";
		};
		BE0AA6B24A3BFCAA5A3BAD54 /* Models */ = {
			isa = PBXGroup;
			children = (
				BE0AAC27C0C50B5E01939A60 /* GLPlace.m */,
				BE0AAA89926DDBB9F3157A4E /* GLPlace.h */,
			);
			path = Models;
			sourceTree = "<group>";
		};
		BE0AAB409EAA9AA691ECD5FC /* Place */ = {
			isa = PBXGroup;
			children = (
				BE0AA13081BB77766D81E181 /* GLPlaceHeaderViewController.m */,
				BE0AA2138DAE0628B3485CBF /* GLPlaceHeaderViewController.h */,
			);
			path = Place;
			sourceTree = "<group>";
		};
/* End PBXGroup section */

/* Begin PBXNativeTarget section */
		7857020A19146E8400D00EFD /* Glucloser */ = {
			isa = PBXNativeTarget;
			buildConfigurationList = 7857023D19146E8400D00EFD /* Build configuration list for PBXNativeTarget "Glucloser" */;
			buildPhases = (
				7857020719146E8400D00EFD /* Sources */,
				7857020819146E8400D00EFD /* Frameworks */,
				7857020919146E8400D00EFD /* Resources */,
			);
			buildRules = (
			);
			dependencies = (
			);
			name = Glucloser;
			productName = Glucloser;
			productReference = 7857020B19146E8400D00EFD /* Glucloser.app */;
			productType = "com.apple.product-type.application";
		};
		7857022B19146E8400D00EFD /* GlucloserTests */ = {
			isa = PBXNativeTarget;
			buildConfigurationList = 7857024019146E8400D00EFD /* Build configuration list for PBXNativeTarget "GlucloserTests" */;
			buildPhases = (
				7857022819146E8400D00EFD /* Sources */,
				7857022919146E8400D00EFD /* Frameworks */,
				7857022A19146E8400D00EFD /* Resources */,
			);
			buildRules = (
			);
			dependencies = (
				7857023219146E8400D00EFD /* PBXTargetDependency */,
			);
			name = GlucloserTests;
			productName = GlucloserTests;
			productReference = 7857022C19146E8400D00EFD /* GlucloserTests.xctest */;
			productType = "com.apple.product-type.bundle.unit-test";
		};
/* End PBXNativeTarget section */

/* Begin PBXProject section */
		7857020319146E8400D00EFD /* Project object */ = {
			isa = PBXProject;
			attributes = {
				CLASSPREFIX = GL;
				LastUpgradeCheck = 0510;
				ORGANIZATIONNAME = NLefler;
				TargetAttributes = {
					7857020A19146E8400D00EFD = {
						DevelopmentTeam = 2VG5X86EES;
						SystemCapabilities = {
							com.apple.DataProtection = {
								enabled = 1;
							};
							com.apple.iCloud = {
								enabled = 1;
							};
							com.apple.iOS = {
								enabled = 1;
							};
						};
					};
					7857022B19146E8400D00EFD = {
						TestTargetID = 7857020A19146E8400D00EFD;
					};
				};
			};
			buildConfigurationList = 7857020619146E8400D00EFD /* Build configuration list for PBXProject "Glucloser" */;
			compatibilityVersion = "Xcode 3.2";
			developmentRegion = English;
			hasScannedForEncodings = 0;
			knownRegions = (
				en,
				Base,
			);
			mainGroup = 7857020219146E8400D00EFD;
			productRefGroup = 7857020C19146E8400D00EFD /* Products */;
			projectDirPath = "";
			projectRoot = "";
			targets = (
				7857020A19146E8400D00EFD /* Glucloser */,
				7857022B19146E8400D00EFD /* GlucloserTests */,
			);
		};
/* End PBXProject section */

/* Begin PBXResourcesBuildPhase section */
		7857020919146E8400D00EFD /* Resources */ = {
			isa = PBXResourcesBuildPhase;
			buildActionMask = 2147483647;
			files = (
				7857022719146E8400D00EFD /* Images.xcassets in Resources */,
				7857021919146E8400D00EFD /* InfoPlist.strings in Resources */,
				7857022219146E8400D00EFD /* Main.storyboard in Resources */,
			);
			runOnlyForDeploymentPostprocessing = 0;
		};
		7857022A19146E8400D00EFD /* Resources */ = {
			isa = PBXResourcesBuildPhase;
			buildActionMask = 2147483647;
			files = (
				7857023819146E8400D00EFD /* InfoPlist.strings in Resources */,
			);
			runOnlyForDeploymentPostprocessing = 0;
		};
/* End PBXResourcesBuildPhase section */

/* Begin PBXSourcesBuildPhase section */
		7857020719146E8400D00EFD /* Sources */ = {
			isa = PBXSourcesBuildPhase;
			buildActionMask = 2147483647;
			files = (
				7857021B19146E8400D00EFD /* main.m in Sources */,
				7857022519146E8400D00EFD /* GLViewController.m in Sources */,
				7857021F19146E8400D00EFD /* GLAppDelegate.m in Sources */,
				BE0AA5C8811FB2B242EC2729 /* GLSlideMenuController.m in Sources */,
				BE0AAA6D2D851DCC6FEDABE1 /* GLNewMealViewController.m in Sources */,
				BE0AAD5D2EB93F913477E397 /* GLPlace.m in Sources */,
				BE0AA911E40A415C30A1E042 /* GLPlaceHeaderViewController.m in Sources */,
			);
			runOnlyForDeploymentPostprocessing = 0;
		};
		7857022819146E8400D00EFD /* Sources */ = {
			isa = PBXSourcesBuildPhase;
			buildActionMask = 2147483647;
			files = (
				7857023A19146E8400D00EFD /* GlucloserTests.m in Sources */,
			);
			runOnlyForDeploymentPostprocessing = 0;
		};
/* End PBXSourcesBuildPhase section */

/* Begin PBXTargetDependency section */
		7857023219146E8400D00EFD /* PBXTargetDependency */ = {
			isa = PBXTargetDependency;
			target = 7857020A19146E8400D00EFD /* Glucloser */;
			targetProxy = 7857023119146E8400D00EFD /* PBXContainerItemProxy */;
		};
/* End PBXTargetDependency section */

/* Begin PBXVariantGroup section */
		7857021719146E8400D00EFD /* InfoPlist.strings */ = {
			isa = PBXVariantGroup;
			children = (
				7857021819146E8400D00EFD /* en */,
			);
			name = InfoPlist.strings;
			sourceTree = "<group>";
		};
		7857022019146E8400D00EFD /* Main.storyboard */ = {
			isa = PBXVariantGroup;
			children = (
				7857022119146E8400D00EFD /* Base */,
			);
			name = Main.storyboard;
			sourceTree = "<group>";
		};
		7857023619146E8400D00EFD /* InfoPlist.strings */ = {
			isa = PBXVariantGroup;
			children = (
				7857023719146E8400D00EFD /* en */,
			);
			name = InfoPlist.strings;
			sourceTree = "<group>";
		};
/* End PBXVariantGroup section */

/* Begin XCBuildConfiguration section */
		7857023B19146E8400D00EFD /* Debug */ = {
			isa = XCBuildConfiguration;
			buildSettings = {
				ALWAYS_SEARCH_USER_PATHS = NO;
				CLANG_CXX_LANGUAGE_STANDARD = "gnu++0x";
				CLANG_CXX_LIBRARY = "libc++";
				CLANG_ENABLE_MODULES = YES;
				CLANG_ENABLE_OBJC_ARC = YES;
				CLANG_WARN_BOOL_CONVERSION = YES;
				CLANG_WARN_CONSTANT_CONVERSION = YES;
				CLANG_WARN_DIRECT_OBJC_ISA_USAGE = YES_ERROR;
				CLANG_WARN_EMPTY_BODY = YES;
				CLANG_WARN_ENUM_CONVERSION = YES;
				CLANG_WARN_INT_CONVERSION = YES;
				CLANG_WARN_OBJC_ROOT_CLASS = YES_ERROR;
				CLANG_WARN__DUPLICATE_METHOD_MATCH = YES;
				"CODE_SIGN_IDENTITY[sdk=iphoneos*]" = "iPhone Developer";
				COPY_PHASE_STRIP = NO;
				GCC_C_LANGUAGE_STANDARD = gnu99;
				GCC_DYNAMIC_NO_PIC = NO;
				GCC_OPTIMIZATION_LEVEL = 0;
				GCC_PREPROCESSOR_DEFINITIONS = (
					"DEBUG=1",
					"$(inherited)",
				);
				GCC_SYMBOLS_PRIVATE_EXTERN = NO;
				GCC_WARN_64_TO_32_BIT_CONVERSION = YES;
				GCC_WARN_ABOUT_RETURN_TYPE = YES_ERROR;
				GCC_WARN_UNDECLARED_SELECTOR = YES;
				GCC_WARN_UNINITIALIZED_AUTOS = YES_AGGRESSIVE;
				GCC_WARN_UNUSED_FUNCTION = YES;
				GCC_WARN_UNUSED_VARIABLE = YES;
				IPHONEOS_DEPLOYMENT_TARGET = 7.1;
				ONLY_ACTIVE_ARCH = YES;
				SDKROOT = iphoneos;
			};
			name = Debug;
		};
		7857023C19146E8400D00EFD /* Release */ = {
			isa = XCBuildConfiguration;
			buildSettings = {
				ALWAYS_SEARCH_USER_PATHS = NO;
				CLANG_CXX_LANGUAGE_STANDARD = "gnu++0x";
				CLANG_CXX_LIBRARY = "libc++";
				CLANG_ENABLE_MODULES = YES;
				CLANG_ENABLE_OBJC_ARC = YES;
				CLANG_WARN_BOOL_CONVERSION = YES;
				CLANG_WARN_CONSTANT_CONVERSION = YES;
				CLANG_WARN_DIRECT_OBJC_ISA_USAGE = YES_ERROR;
				CLANG_WARN_EMPTY_BODY = YES;
				CLANG_WARN_ENUM_CONVERSION = YES;
				CLANG_WARN_INT_CONVERSION = YES;
				CLANG_WARN_OBJC_ROOT_CLASS = YES_ERROR;
				CLANG_WARN__DUPLICATE_METHOD_MATCH = YES;
				"CODE_SIGN_IDENTITY[sdk=iphoneos*]" = "iPhone Developer";
				COPY_PHASE_STRIP = YES;
				ENABLE_NS_ASSERTIONS = NO;
				GCC_C_LANGUAGE_STANDARD = gnu99;
				GCC_WARN_64_TO_32_BIT_CONVERSION = YES;
				GCC_WARN_ABOUT_RETURN_TYPE = YES_ERROR;
				GCC_WARN_UNDECLARED_SELECTOR = YES;
				GCC_WARN_UNINITIALIZED_AUTOS = YES_AGGRESSIVE;
				GCC_WARN_UNUSED_FUNCTION = YES;
				GCC_WARN_UNUSED_VARIABLE = YES;
				IPHONEOS_DEPLOYMENT_TARGET = 7.1;
				SDKROOT = iphoneos;
				VALIDATE_PRODUCT = YES;
			};
			name = Release;
		};
		7857023E19146E8400D00EFD /* Debug */ = {
			isa = XCBuildConfiguration;
			buildSettings = {
				ASSETCATALOG_COMPILER_APPICON_NAME = AppIcon;
				ASSETCATALOG_COMPILER_LAUNCHIMAGE_NAME = LaunchImage;
				CODE_SIGN_ENTITLEMENTS = Glucloser/Glucloser.entitlements;
				CODE_SIGN_IDENTITY = "iPhone Developer";
				"CODE_SIGN_IDENTITY[sdk=iphoneos*]" = "iPhone Developer";
				FRAMEWORK_SEARCH_PATHS = (
					"$(inherited)",
					"$(SYSTEM_APPS_DIR)/Reveal.app/Contents/SharedSupport/iOS-Libraries",
				);
				GCC_PRECOMPILE_PREFIX_HEADER = YES;
				GCC_PREFIX_HEADER = "Glucloser/Glucloser-Prefix.pch";
				INFOPLIST_FILE = "Glucloser/Glucloser-Info.plist";
				PRODUCT_NAME = "$(TARGET_NAME)";
				PROVISIONING_PROFILE = "";
				WRAPPER_EXTENSION = app;
			};
			name = Debug;
		};
		7857023F19146E8400D00EFD /* Release */ = {
			isa = XCBuildConfiguration;
			buildSettings = {
				ASSETCATALOG_COMPILER_APPICON_NAME = AppIcon;
				ASSETCATALOG_COMPILER_LAUNCHIMAGE_NAME = LaunchImage;
				CODE_SIGN_ENTITLEMENTS = Glucloser/Glucloser.entitlements;
				CODE_SIGN_IDENTITY = "iPhone Developer";
				"CODE_SIGN_IDENTITY[sdk=iphoneos*]" = "iPhone Developer";
				FRAMEWORK_SEARCH_PATHS = (
					"$(inherited)",
					"$(SYSTEM_APPS_DIR)/Reveal.app/Contents/SharedSupport/iOS-Libraries",
				);
				GCC_PRECOMPILE_PREFIX_HEADER = YES;
				GCC_PREFIX_HEADER = "Glucloser/Glucloser-Prefix.pch";
				INFOPLIST_FILE = "Glucloser/Glucloser-Info.plist";
				PRODUCT_NAME = "$(TARGET_NAME)";
				PROVISIONING_PROFILE = "";
				WRAPPER_EXTENSION = app;
			};
			name = Release;
		};
		7857024119146E8400D00EFD /* Debug */ = {
			isa = XCBuildConfiguration;
			buildSettings = {
				BUNDLE_LOADER = "$(BUILT_PRODUCTS_DIR)/Glucloser.app/Glucloser";
				FRAMEWORK_SEARCH_PATHS = (
					"$(SDKROOT)/Developer/Library/Frameworks",
					"$(inherited)",
					"$(DEVELOPER_FRAMEWORKS_DIR)",
				);
				GCC_PRECOMPILE_PREFIX_HEADER = YES;
				GCC_PREFIX_HEADER = "Glucloser/Glucloser-Prefix.pch";
				GCC_PREPROCESSOR_DEFINITIONS = (
					"DEBUG=1",
					"$(inherited)",
				);
				INFOPLIST_FILE = "GlucloserTests/GlucloserTests-Info.plist";
				PRODUCT_NAME = "$(TARGET_NAME)";
				TEST_HOST = "$(BUNDLE_LOADER)";
				WRAPPER_EXTENSION = xctest;
			};
			name = Debug;
		};
		7857024219146E8400D00EFD /* Release */ = {
			isa = XCBuildConfiguration;
			buildSettings = {
				BUNDLE_LOADER = "$(BUILT_PRODUCTS_DIR)/Glucloser.app/Glucloser";
				FRAMEWORK_SEARCH_PATHS = (
					"$(SDKROOT)/Developer/Library/Frameworks",
					"$(inherited)",
					"$(DEVELOPER_FRAMEWORKS_DIR)",
				);
				GCC_PRECOMPILE_PREFIX_HEADER = YES;
				GCC_PREFIX_HEADER = "Glucloser/Glucloser-Prefix.pch";
				INFOPLIST_FILE = "GlucloserTests/GlucloserTests-Info.plist";
				PRODUCT_NAME = "$(TARGET_NAME)";
				TEST_HOST = "$(BUNDLE_LOADER)";
				WRAPPER_EXTENSION = xctest;
			};
			name = Release;
		};
/* End XCBuildConfiguration section */

/* Begin XCConfigurationList section */
		7857020619146E8400D00EFD /* Build configuration list for PBXProject "Glucloser" */ = {
			isa = XCConfigurationList;
			buildConfigurations = (
				7857023B19146E8400D00EFD /* Debug */,
				7857023C19146E8400D00EFD /* Release */,
			);
			defaultConfigurationIsVisible = 0;
			defaultConfigurationName = Release;
		};
		7857023D19146E8400D00EFD /* Build configuration list for PBXNativeTarget "Glucloser" */ = {
			isa = XCConfigurationList;
			buildConfigurations = (
				7857023E19146E8400D00EFD /* Debug */,
				7857023F19146E8400D00EFD /* Release */,
			);
			defaultConfigurationIsVisible = 0;
			defaultConfigurationName = Release;
		};
		7857024019146E8400D00EFD /* Build configuration list for PBXNativeTarget "GlucloserTests" */ = {
			isa = XCConfigurationList;
			buildConfigurations = (
				7857024119146E8400D00EFD /* Debug */,
				7857024219146E8400D00EFD /* Release */,
			);
			defaultConfigurationIsVisible = 0;
			defaultConfigurationName = Release;
		};
/* End XCConfigurationList section */
	};
	rootObject = 7857020319146E8400D00EFD /* Project object */;
}
